
Microsoft Visual Studio Solution File, Format Version 12.00
# Visual Studio Version 17
VisualStudioVersion = 17.0.31903.59
MinimumVisualStudioVersion = 10.0.40219.1
Project("{FAE04EC0-301F-11D3-BF4B-00C04F79EFBC}") = "LeanKernel.Abstractions", "LeanKernel.Abstractions\LeanKernel.Abstractions.csproj", "{C308F29D-73D8-4FC3-9FF9-0C30909D896B}"
EndProject
Project("{FAE04EC0-301F-11D3-BF4B-00C04F79EFBC}") = "LeanKernel.Agents", "LeanKernel.Agents\LeanKernel.Agents.csproj", "{545B8587-D9E2-4C21-934F-05DF608211B9}"
EndProject
Project("{FAE04EC0-301F-11D3-BF4B-00C04F79EFBC}") = "LeanKernel.Context", "LeanKernel.Context\LeanKernel.Context.csproj", "{955720AC-A3B8-41B8-ABA4-D689FEF35BB0}"
EndProject
Project("{FAE04EC0-301F-11D3-BF4B-00C04F79EFBC}") = "LeanKernel.Knowledge", "LeanKernel.Knowledge\LeanKernel.Knowledge.csproj", "{76520A8A-6690-4D82-9527-357D25D826C6}"
EndProject
Project("{FAE04EC0-301F-11D3-BF4B-00C04F79EFBC}") = "LeanKernel.Tools", "LeanKernel.Tools\LeanKernel.Tools.csproj", "{5015CC65-2D6B-4932-898C-A75BA9AEC5ED}"
EndProject
Project("{FAE04EC0-301F-11D3-BF4B-00C04F79EFBC}") = "LeanKernel.Persistence", "LeanKernel.Persistence\LeanKernel.Persistence.csproj", "{90407A44-5B05-404B-BC7A-8575D9DC670A}"
EndProject
Project("{FAE04EC0-301F-11D3-BF4B-00C04F79EFBC}") = "LeanKernel.Scheduler", "LeanKernel.Scheduler\LeanKernel.Scheduler.csproj", "{EF078069-FFD5-42BD-8C42-9A3B36B22AFA}"
EndProject
Project("{FAE04EC0-301F-11D3-BF4B-00C04F79EFBC}") = "LeanKernel.Diagnostics", "LeanKernel.Diagnostics\LeanKernel.Diagnostics.csproj", "{6F19B3FF-DB75-402E-BB84-0A754F09C404}"
EndProject
Project("{FAE04EC0-301F-11D3-BF4B-00C04F79EFBC}") = "LeanKernel.Gateway", "LeanKernel.Gateway\LeanKernel.Gateway.csproj", "{B021320D-216F-4BD3-ADBE-829E8F93F781}"
EndProject
Project("{FAE04EC0-301F-11D3-BF4B-00C04F79EFBC}") = "LeanKernel.Channels", "LeanKernel.Channels\LeanKernel.Channels.csproj", "{3F8BCF0D-9DD9-4E1F-B839-5A8BAED3132F}"
EndProject
Project("{FAE04EC0-301F-11D3-BF4B-00C04F79EFBC}") = "LeanKernel.Learning", "LeanKernel.Learning\LeanKernel.Learning.csproj", "{D3B04E5D-3BEF-49A2-B85D-DA8A936B3D6F}"
EndProject
Project("{FAE04EC0-301F-11D3-BF4B-00C04F79EFBC}") = "LeanKernel.Tests.Unit", "LeanKernel.Tests.Unit\LeanKernel.Tests.Unit.csproj", "{597D74FE-3966-4275-8ED4-9582902EE9A3}"
EndProject
Project("{FAE04EC0-301F-11D3-BF4B-00C04F79EFBC}") = "LeanKernel.Tests.Integration", "LeanKernel.Tests.Integration\LeanKernel.Tests.Integration.csproj", "{7F34F0CB-3171-4E10-929E-9CC466774AB5}"
EndProject
Global
	GlobalSection(SolutionConfigurationPlatforms) = preSolution
		Debug|Any CPU = Debug|Any CPU
		Debug|x64 = Debug|x64
		Debug|x86 = Debug|x86
		Release|Any CPU = Release|Any CPU
		Release|x64 = Release|x64
		Release|x86 = Release|x86
	EndGlobalSection
	GlobalSection(ProjectConfigurationPlatforms) = postSolution
		{C308F29D-73D8-4FC3-9FF9-0C30909D896B}.Debug|Any CPU.ActiveCfg = Debug|Any CPU
		{C308F29D-73D8-4FC3-9FF9-0C30909D896B}.Debug|Any CPU.Build.0 = Debug|Any CPU
		{C308F29D-73D8-4FC3-9FF9-0C30909D896B}.Debug|x64.ActiveCfg = Debug|Any CPU
		{C308F29D-73D8-4FC3-9FF9-0C30909D896B}.Debug|x64.Build.0 = Debug|Any CPU
		{C308F29D-73D8-4FC3-9FF9-0C30909D896B}.Debug|x86.ActiveCfg = Debug|Any CPU
		{C308F29D-73D8-4FC3-9FF9-0C30909D896B}.Debug|x86.Build.0 = Debug|Any CPU
		{C308F29D-73D8-4FC3-9FF9-0C30909D896B}.Release|Any CPU.ActiveCfg = Release|Any CPU
		{C308F29D-73D8-4FC3-9FF9-0C30909D896B}.Release|Any CPU.Build.0 = Release|Any CPU
		{C308F29D-73D8-4FC3-9FF9-0C30909D896B}.Release|x64.ActiveCfg = Release|Any CPU
		{C308F29D-73D8-4FC3-9FF9-0C30909D896B}.Release|x64.Build.0 = Release|Any CPU
		{C308F29D-73D8-4FC3-9FF9-0C30909D896B}.Release|x86.ActiveCfg = Release|Any CPU
		{C308F29D-73D8-4FC3-9FF9-0C30909D896B}.Release|x86.Build.0 = Release|Any CPU
		{545B8587-D9E2-4C21-934F-05DF608211B9}.Debug|Any CPU.ActiveCfg = Debug|Any CPU
		{545B8587-D9E2-4C21-934F-05DF608211B9}.Debug|Any CPU.Build.0 = Debug|Any CPU
		{545B8587-D9E2-4C21-934F-05DF608211B9}.Debug|x64.ActiveCfg = Debug|Any CPU
		{545B8587-D9E2-4C21-934F-05DF608211B9}.Debug|x64.Build.0 = Debug|Any CPU
		{545B8587-D9E2-4C21-934F-05DF608211B9}.Debug|x86.ActiveCfg = Debug|Any CPU
		{545B8587-D9E2-4C21-934F-05DF608211B9}.Debug|x86.Build.0 = Debug|Any CPU
		{545B8587-D9E2-4C21-934F-05DF608211B9}.Release|Any CPU.ActiveCfg = Release|Any CPU
		{545B8587-D9E2-4C21-934F-05DF608211B9}.Release|Any CPU.Build.0 = Release|Any CPU
		{545B8587-D9E2-4C21-934F-05DF608211B9}.Release|x64.ActiveCfg = Release|Any CPU
		{545B8587-D9E2-4C21-934F-05DF608211B9}.Release|x64.Build.0 = Release|Any CPU
		{545B8587-D9E2-4C21-934F-05DF608211B9}.Release|x86.ActiveCfg = Release|Any CPU
		{545B8587-D9E2-4C21-934F-05DF608211B9}.Release|x86.Build.0 = Release|Any CPU
		{955720AC-A3B8-41B8-ABA4-D689FEF35BB0}.Debug|Any CPU.ActiveCfg = Debug|Any CPU
		{955720AC-A3B8-41B8-ABA4-D689FEF35BB0}.Debug|Any CPU.Build.0 = Debug|Any CPU
		{955720AC-A3B8-41B8-ABA4-D689FEF35BB0}.Debug|x64.ActiveCfg = Debug|Any CPU
		{955720AC-A3B8-41B8-ABA4-D689FEF35BB0}.Debug|x64.Build.0 = Debug|Any CPU
		{955720AC-A3B8-41B8-ABA4-D689FEF35BB0}.Debug|x86.ActiveCfg = Debug|Any CPU
		{955720AC-A3B8-41B8-ABA4-D689FEF35BB0}.Debug|x86.Build.0 = Debug|Any CPU
		{955720AC-A3B8-41B8-ABA4-D689FEF35BB0}.Release|Any CPU.ActiveCfg = Release|Any CPU
		{955720AC-A3B8-41B8-ABA4-D689FEF35BB0}.Release|Any CPU.Build.0 = Release|Any CPU
		{955720AC-A3B8-41B8-ABA4-D689FEF35BB0}.Release|x64.ActiveCfg = Release|Any CPU
		{955720AC-A3B8-41B8-ABA4-D689FEF35BB0}.Release|x64.Build.0 = Release|Any CPU
		{955720AC-A3B8-41B8-ABA4-D689FEF35BB0}.Release|x86.ActiveCfg = Release|Any CPU
		{955720AC-A3B8-41B8-ABA4-D689FEF35BB0}.Release|x86.Build.0 = Release|Any CPU
		{76520A8A-6690-4D82-9527-357D25D826C6}.Debug|Any CPU.ActiveCfg = Debug|Any CPU
		{76520A8A-6690-4D82-9527-357D25D826C6}.Debug|Any CPU.Build.0 = Debug|Any CPU
		{76520A8A-6690-4D82-9527-357D25D826C6}.Debug|x64.ActiveCfg = Debug|Any CPU
		{76520A8A-6690-4D82-9527-357D25D826C6}.Debug|x64.Build.0 = Debug|Any CPU
		{76520A8A-6690-4D82-9527-357D25D826C6}.Debug|x86.ActiveCfg = Debug|Any CPU
		{76520A8A-6690-4D82-9527-357D25D826C6}.Debug|x86.Build.0 = Debug|Any CPU
		{76520A8A-6690-4D82-9527-357D25D826C6}.Release|Any CPU.ActiveCfg = Release|Any CPU
		{76520A8A-6690-4D82-9527-357D25D826C6}.Release|Any CPU.Build.0 = Release|Any CPU
		{76520A8A-6690-4D82-9527-357D25D826C6}.Release|x64.ActiveCfg = Release|Any CPU
		{76520A8A-6690-4D82-9527-357D25D826C6}.Release|x64.Build.0 = Release|Any CPU
		{76520A8A-6690-4D82-9527-357D25D826C6}.Release|x86.ActiveCfg = Release|Any CPU
		{76520A8A-6690-4D82-9527-357D25D826C6}.Release|x86.Build.0 = Release|Any CPU
		{5015CC65-2D6B-4932-898C-A75BA9AEC5ED}.Debug|Any CPU.ActiveCfg = Debug|Any CPU
		{5015CC65-2D6B-4932-898C-A75BA9AEC5ED}.Debug|Any CPU.Build.0 = Debug|Any CPU
		{5015CC65-2D6B-4932-898C-A75BA9AEC5ED}.Debug|x64.ActiveCfg = Debug|Any CPU
		{5015CC65-2D6B-4932-898C-A75BA9AEC5ED}.Debug|x64.Build.0 = Debug|Any CPU
		{5015CC65-2D6B-4932-898C-A75BA9AEC5ED}.Debug|x86.ActiveCfg = Debug|Any CPU
		{5015CC65-2D6B-4932-898C-A75BA9AEC5ED}.Debug|x86.Build.0 = Debug|Any CPU
		{5015CC65-2D6B-4932-898C-A75BA9AEC5ED}.Release|Any CPU.ActiveCfg = Release|Any CPU
		{5015CC65-2D6B-4932-898C-A75BA9AEC5ED}.Release|Any CPU.Build.0 = Release|Any CPU
		{5015CC65-2D6B-4932-898C-A75BA9AEC5ED}.Release|x64.ActiveCfg = Release|Any CPU
		{5015CC65-2D6B-4932-898C-A75BA9AEC5ED}.Release|x64.Build.0 = Release|Any CPU
		{5015CC65-2D6B-4932-898C-A75BA9AEC5ED}.Release|x86.ActiveCfg = Release|Any CPU
		{5015CC65-2D6B-4932-898C-A75BA9AEC5ED}.Release|x86.Build.0 = Release|Any CPU
		{90407A44-5B05-404B-BC7A-8575D9DC670A}.Debug|Any CPU.ActiveCfg = Debug|Any CPU
		{90407A44-5B05-404B-BC7A-8575D9DC670A}.Debug|Any CPU.Build.0 = Debug|Any CPU
		{90407A44-5B05-404B-BC7A-8575D9DC670A}.Debug|x64.ActiveCfg = Debug|Any CPU
		{90407A44-5B05-404B-BC7A-8575D9DC670A}.Debug|x64.Build.0 = Debug|Any CPU
		{90407A44-5B05-404B-BC7A-8575D9DC670A}.Debug|x86.ActiveCfg = Debug|Any CPU
		{90407A44-5B05-404B-BC7A-8575D9DC670A}.Debug|x86.Build.0 = Debug|Any CPU
		{90407A44-5B05-404B-BC7A-8575D9DC670A}.Release|Any CPU.ActiveCfg = Release|Any CPU
		{90407A44-5B05-404B-BC7A-8575D9DC670A}.Release|Any CPU.Build.0 = Release|Any CPU
		{90407A44-5B05-404B-BC7A-8575D9DC670A}.Release|x64.ActiveCfg = Release|Any CPU
		{90407A44-5B05-404B-BC7A-8575D9DC670A}.Release|x64.Build.0 = Release|Any CPU
		{90407A44-5B05-404B-BC7A-8575D9DC670A}.Release|x86.ActiveCfg = Release|Any CPU
		{90407A44-5B05-404B-BC7A-8575D9DC670A}.Release|x86.Build.0 = Release|Any CPU
		{EF078069-FFD5-42BD-8C42-9A3B36B22AFA}.Debug|Any CPU.ActiveCfg = Debug|Any CPU
		{EF078069-FFD5-42BD-8C42-9A3B36B22AFA}.Debug|Any CPU.Build.0 = Debug|Any CPU
		{EF078069-FFD5-42BD-8C42-9A3B36B22AFA}.Debug|x64.ActiveCfg = Debug|Any CPU
		{EF078069-FFD5-42BD-8C42-9A3B36B22AFA}.Debug|x64.Build.0 = Debug|Any CPU
		{EF078069-FFD5-42BD-8C42-9A3B36B22AFA}.Debug|x86.ActiveCfg = Debug|Any CPU
		{EF078069-FFD5-42BD-8C42-9A3B36B22AFA}.Debug|x86.Build.0 = Debug|Any CPU
		{EF078069-FFD5-42BD-8C42-9A3B36B22AFA}.Release|Any CPU.ActiveCfg = Release|Any CPU
		{EF078069-FFD5-42BD-8C42-9A3B36B22AFA}.Release|Any CPU.Build.0 = Release|Any CPU
		{EF078069-FFD5-42BD-8C42-9A3B36B22AFA}.Release|x64.ActiveCfg = Release|Any CPU
		{EF078069-FFD5-42BD-8C42-9A3B36B22AFA}.Release|x64.Build.0 = Release|Any CPU
		{EF078069-FFD5-42BD-8C42-9A3B36B22AFA}.Release|x86.ActiveCfg = Release|Any CPU
		{EF078069-FFD5-42BD-8C42-9A3B36B22AFA}.Release|x86.Build.0 = Release|Any CPU
		{6F19B3FF-DB75-402E-BB84-0A754F09C404}.Debug|Any CPU.ActiveCfg = Debug|Any CPU
		{6F19B3FF-DB75-402E-BB84-0A754F09C404}.Debug|Any CPU.Build.0 = Debug|Any CPU
		{6F19B3FF-DB75-402E-BB84-0A754F09C404}.Debug|x64.ActiveCfg = Debug|Any CPU
		{6F19B3FF-DB75-402E-BB84-0A754F09C404}.Debug|x64.Build.0 = Debug|Any CPU
		{6F19B3FF-DB75-402E-BB84-0A754F09C404}.Debug|x86.ActiveCfg = Debug|Any CPU
		{6F19B3FF-DB75-402E-BB84-0A754F09C404}.Debug|x86.Build.0 = Debug|Any CPU
		{6F19B3FF-DB75-402E-BB84-0A754F09C404}.Release|Any CPU.ActiveCfg = Release|Any CPU
		{6F19B3FF-DB75-402E-BB84-0A754F09C404}.Release|Any CPU.Build.0 = Release|Any CPU
		{6F19B3FF-DB75-402E-BB84-0A754F09C404}.Release|x64.ActiveCfg = Release|Any CPU
		{6F19B3FF-DB75-402E-BB84-0A754F09C404}.Release|x64.Build.0 = Release|Any CPU
		{6F19B3FF-DB75-402E-BB84-0A754F09C404}.Release|x86.ActiveCfg = Release|Any CPU
		{6F19B3FF-DB75-402E-BB84-0A754F09C404}.Release|x86.Build.0 = Release|Any CPU
		{B021320D-216F-4BD3-ADBE-829E8F93F781}.Debug|Any CPU.ActiveCfg = Debug|Any CPU
		{B021320D-216F-4BD3-ADBE-829E8F93F781}.Debug|Any CPU.Build.0 = Debug|Any CPU
		{B021320D-216F-4BD3-ADBE-829E8F93F781}.Debug|x64.ActiveCfg = Debug|Any CPU
		{B021320D-216F-4BD3-ADBE-829E8F93F781}.Debug|x64.Build.0 = Debug|Any CPU
		{B021320D-216F-4BD3-ADBE-829E8F93F781}.Debug|x86.ActiveCfg = Debug|Any CPU
		{B021320D-216F-4BD3-ADBE-829E8F93F781}.Debug|x86.Build.0 = Debug|Any CPU
		{B021320D-216F-4BD3-ADBE-829E8F93F781}.Release|Any CPU.ActiveCfg = Release|Any CPU
		{B021320D-216F-4BD3-ADBE-829E8F93F781}.Release|Any CPU.Build.0 = Release|Any CPU
		{B021320D-216F-4BD3-ADBE-829E8F93F781}.Release|x64.ActiveCfg = Release|Any CPU
		{B021320D-216F-4BD3-ADBE-829E8F93F781}.Release|x64.Build.0 = Release|Any CPU
		{B021320D-216F-4BD3-ADBE-829E8F93F781}.Release|x86.ActiveCfg = Release|Any CPU
		{B021320D-216F-4BD3-ADBE-829E8F93F781}.Release|x86.Build.0 = Release|Any CPU
		{3F8BCF0D-9DD9-4E1F-B839-5A8BAED3132F}.Debug|Any CPU.ActiveCfg = Debug|Any CPU
		{3F8BCF0D-9DD9-4E1F-B839-5A8BAED3132F}.Debug|Any CPU.Build.0 = Debug|Any CPU
		{3F8BCF0D-9DD9-4E1F-B839-5A8BAED3132F}.Debug|x64.ActiveCfg = Debug|Any CPU
		{3F8BCF0D-9DD9-4E1F-B839-5A8BAED3132F}.Debug|x64.Build.0 = Debug|Any CPU
		{3F8BCF0D-9DD9-4E1F-B839-5A8BAED3132F}.Debug|x86.ActiveCfg = Debug|Any CPU
		{3F8BCF0D-9DD9-4E1F-B839-5A8BAED3132F}.Debug|x86.Build.0 = Debug|Any CPU
		{3F8BCF0D-9DD9-4E1F-B839-5A8BAED3132F}.Release|Any CPU.ActiveCfg = Release|Any CPU
		{3F8BCF0D-9DD9-4E1F-B839-5A8BAED3132F}.Release|Any CPU.Build.0 = Release|Any CPU
		{3F8BCF0D-9DD9-4E1F-B839-5A8BAED3132F}.Release|x64.ActiveCfg = Release|Any CPU
		{3F8BCF0D-9DD9-4E1F-B839-5A8BAED3132F}.Release|x64.Build.0 = Release|Any CPU
		{3F8BCF0D-9DD9-4E1F-B839-5A8BAED3132F}.Release|x86.ActiveCfg = Release|Any CPU
		{3F8BCF0D-9DD9-4E1F-B839-5A8BAED3132F}.Release|x86.Build.0 = Release|Any CPU
		{D3B04E5D-3BEF-49A2-B85D-DA8A936B3D6F}.Debug|Any CPU.ActiveCfg = Debug|Any CPU
		{D3B04E5D-3BEF-49A2-B85D-DA8A936B3D6F}.Debug|Any CPU.Build.0 = Debug|Any CPU
		{D3B04E5D-3BEF-49A2-B85D-DA8A936B3D6F}.Debug|x64.ActiveCfg = Debug|Any CPU
		{D3B04E5D-3BEF-49A2-B85D-DA8A936B3D6F}.Debug|x64.Build.0 = Debug|Any CPU
		{D3B04E5D-3BEF-49A2-B85D-DA8A936B3D6F}.Debug|x86.ActiveCfg = Debug|Any CPU
		{D3B04E5D-3BEF-49A2-B85D-DA8A936B3D6F}.Debug|x86.Build.0 = Debug|Any CPU
		{D3B04E5D-3BEF-49A2-B85D-DA8A936B3D6F}.Release|Any CPU.ActiveCfg = Release|Any CPU
		{D3B04E5D-3BEF-49A2-B85D-DA8A936B3D6F}.Release|Any CPU.Build.0 = Release|Any CPU
		{D3B04E5D-3BEF-49A2-B85D-DA8A936B3D6F}.Release|x64.ActiveCfg = Release|Any CPU
		{D3B04E5D-3BEF-49A2-B85D-DA8A936B3D6F}.Release|x64.Build.0 = Release|Any CPU
		{D3B04E5D-3BEF-49A2-B85D-DA8A936B3D6F}.Release|x86.ActiveCfg = Release|Any CPU
		{D3B04E5D-3BEF-49A2-B85D-DA8A936B3D6F}.Release|x86.Build.0 = Release|Any CPU
		{597D74FE-3966-4275-8ED4-9582902EE9A3}.Debug|Any CPU.ActiveCfg = Debug|Any CPU
		{597D74FE-3966-4275-8ED4-9582902EE9A3}.Debug|Any CPU.Build.0 = Debug|Any CPU
		{597D74FE-3966-4275-8ED4-9582902EE9A3}.Debug|x64.ActiveCfg = Debug|Any CPU
		{597D74FE-3966-4275-8ED4-9582902EE9A3}.Debug|x64.Build.0 = Debug|Any CPU
		{597D74FE-3966-4275-8ED4-9582902EE9A3}.Debug|x86.ActiveCfg = Debug|Any CPU
		{597D74FE-3966-4275-8ED4-9582902EE9A3}.Debug|x86.Build.0 = Debug|Any CPU
		{597D74FE-3966-4275-8ED4-9582902EE9A3}.Release|Any CPU.ActiveCfg = Release|Any CPU
		{597D74FE-3966-4275-8ED4-9582902EE9A3}.Release|Any CPU.Build.0 = Release|Any CPU
		{597D74FE-3966-4275-8ED4-9582902EE9A3}.Release|x64.ActiveCfg = Release|Any CPU
		{597D74FE-3966-4275-8ED4-9582902EE9A3}.Release|x64.Build.0 = Release|Any CPU
		{597D74FE-3966-4275-8ED4-9582902EE9A3}.Release|x86.ActiveCfg = Release|Any CPU
		{597D74FE-3966-4275-8ED4-9582902EE9A3}.Release|x86.Build.0 = Release|Any CPU
		{7F34F0CB-3171-4E10-929E-9CC466774AB5}.Debug|Any CPU.ActiveCfg = Debug|Any CPU
		{7F34F0CB-3171-4E10-929E-9CC466774AB5}.Debug|Any CPU.Build.0 = Debug|Any CPU
		{7F34F0CB-3171-4E10-929E-9CC466774AB5}.Debug|x64.ActiveCfg = Debug|Any CPU
		{7F34F0CB-3171-4E10-929E-9CC466774AB5}.Debug|x64.Build.0 = Debug|Any CPU
		{7F34F0CB-3171-4E10-929E-9CC466774AB5}.Debug|x86.ActiveCfg = Debug|Any CPU
		{7F34F0CB-3171-4E10-929E-9CC466774AB5}.Debug|x86.Build.0 = Debug|Any CPU
		{7F34F0CB-3171-4E10-929E-9CC466774AB5}.Release|Any CPU.ActiveCfg = Release|Any CPU
		{7F34F0CB-3171-4E10-929E-9CC466774AB5}.Release|Any CPU.Build.0 = Release|Any CPU
		{7F34F0CB-3171-4E10-929E-9CC466774AB5}.Release|x64.ActiveCfg = Release|Any CPU
		{7F34F0CB-3171-4E10-929E-9CC466774AB5}.Release|x64.Build.0 = Release|Any CPU
		{7F34F0CB-3171-4E10-929E-9CC466774AB5}.Release|x86.ActiveCfg = Release|Any CPU
		{7F34F0CB-3171-4E10-929E-9CC466774AB5}.Release|x86.Build.0 = Release|Any CPU
	EndGlobalSection
	GlobalSection(SolutionProperties) = preSolution
		HideSolutionNode = FALSE
	EndGlobalSection
EndGlobal
