
Microsoft Visual Studio Solution File, Format Version 12.00
# Visual Studio Version 17
VisualStudioVersion = 17.0.31903.59
MinimumVisualStudioVersion = 10.0.40219.1
Project("{FAE04EC0-301F-11D3-BF4B-00C04F79EFBC}") = "LeanKernel.Core", "LeanKernel.Core\LeanKernel.Core.csproj", "{5B6CBD82-D079-4853-960A-F306668EE594}"
EndProject
Project("{FAE04EC0-301F-11D3-BF4B-00C04F79EFBC}") = "LeanKernel.Commander", "LeanKernel.Commander\LeanKernel.Commander.csproj", "{7D72E1D5-76AB-44B4-BDA7-2FB30E231A08}"
EndProject
Project("{FAE04EC0-301F-11D3-BF4B-00C04F79EFBC}") = "LeanKernel.Thinker", "LeanKernel.Thinker\LeanKernel.Thinker.csproj", "{F1D7FD3F-7590-4BB9-897E-623B48F730DF}"
EndProject
Project("{FAE04EC0-301F-11D3-BF4B-00C04F79EFBC}") = "LeanKernel.Archivist", "LeanKernel.Archivist\LeanKernel.Archivist.csproj", "{C86294FD-ABC1-4A4C-A6E6-6F8520DACE58}"
EndProject
Project("{FAE04EC0-301F-11D3-BF4B-00C04F79EFBC}") = "LeanKernel.Scheduler", "LeanKernel.Scheduler\LeanKernel.Scheduler.csproj", "{5C2FA8F9-D301-4527-85DC-967C4BD3881A}"
EndProject
Project("{FAE04EC0-301F-11D3-BF4B-00C04F79EFBC}") = "LeanKernel.Plugins", "LeanKernel.Plugins\LeanKernel.Plugins.csproj", "{3694C942-D593-4D84-989F-E29FBA89C4E4}"
EndProject
Project("{FAE04EC0-301F-11D3-BF4B-00C04F79EFBC}") = "LeanKernel.Generators", "LeanKernel.Generators\LeanKernel.Generators.csproj", "{3E458831-C38B-48E1-AA2F-C7E2A147CC6C}"
EndProject
Project("{FAE04EC0-301F-11D3-BF4B-00C04F79EFBC}") = "LeanKernel.Host", "LeanKernel.Host\LeanKernel.Host.csproj", "{FEAC4B4A-B6D2-45A2-BA45-9AF207C2A238}"
EndProject
Project("{FAE04EC0-301F-11D3-BF4B-00C04F79EFBC}") = "LeanKernel.Tests.Unit", "LeanKernel.Tests.Unit\LeanKernel.Tests.Unit.csproj", "{8C4FAC21-2743-479E-AA67-215050D7F3FB}"
EndProject
Project("{FAE04EC0-301F-11D3-BF4B-00C04F79EFBC}") = "LeanKernel.Tests.Integration", "LeanKernel.Tests.Integration\LeanKernel.Tests.Integration.csproj", "{45E207ED-5A78-43F3-A5D2-33A89C455F60}"
EndProject
Global
	GlobalSection(SolutionConfigurationPlatforms) = preSolution
		Debug|Any CPU = Debug|Any CPU
		Debug|x64 = Debug|x64
		Debug|x86 = Debug|x86
		Release|Any CPU = Release|Any CPU
		Release|x64 = Release|x64
		Release|x86 = Release|x86
	EndGlobalSection
	GlobalSection(ProjectConfigurationPlatforms) = postSolution
		{5B6CBD82-D079-4853-960A-F306668EE594}.Debug|Any CPU.ActiveCfg = Debug|Any CPU
		{5B6CBD82-D079-4853-960A-F306668EE594}.Debug|Any CPU.Build.0 = Debug|Any CPU
		{5B6CBD82-D079-4853-960A-F306668EE594}.Debug|x64.ActiveCfg = Debug|Any CPU
		{5B6CBD82-D079-4853-960A-F306668EE594}.Debug|x64.Build.0 = Debug|Any CPU
		{5B6CBD82-D079-4853-960A-F306668EE594}.Debug|x86.ActiveCfg = Debug|Any CPU
		{5B6CBD82-D079-4853-960A-F306668EE594}.Debug|x86.Build.0 = Debug|Any CPU
		{5B6CBD82-D079-4853-960A-F306668EE594}.Release|Any CPU.ActiveCfg = Release|Any CPU
		{5B6CBD82-D079-4853-960A-F306668EE594}.Release|Any CPU.Build.0 = Release|Any CPU
		{5B6CBD82-D079-4853-960A-F306668EE594}.Release|x64.ActiveCfg = Release|Any CPU
		{5B6CBD82-D079-4853-960A-F306668EE594}.Release|x64.Build.0 = Release|Any CPU
		{5B6CBD82-D079-4853-960A-F306668EE594}.Release|x86.ActiveCfg = Release|Any CPU
		{5B6CBD82-D079-4853-960A-F306668EE594}.Release|x86.Build.0 = Release|Any CPU
		{7D72E1D5-76AB-44B4-BDA7-2FB30E231A08}.Debug|Any CPU.ActiveCfg = Debug|Any CPU
		{7D72E1D5-76AB-44B4-BDA7-2FB30E231A08}.Debug|Any CPU.Build.0 = Debug|Any CPU
		{7D72E1D5-76AB-44B4-BDA7-2FB30E231A08}.Debug|x64.ActiveCfg = Debug|Any CPU
		{7D72E1D5-76AB-44B4-BDA7-2FB30E231A08}.Debug|x64.Build.0 = Debug|Any CPU
		{7D72E1D5-76AB-44B4-BDA7-2FB30E231A08}.Debug|x86.ActiveCfg = Debug|Any CPU
		{7D72E1D5-76AB-44B4-BDA7-2FB30E231A08}.Debug|x86.Build.0 = Debug|Any CPU
		{7D72E1D5-76AB-44B4-BDA7-2FB30E231A08}.Release|Any CPU.ActiveCfg = Release|Any CPU
		{7D72E1D5-76AB-44B4-BDA7-2FB30E231A08}.Release|Any CPU.Build.0 = Release|Any CPU
		{7D72E1D5-76AB-44B4-BDA7-2FB30E231A08}.Release|x64.ActiveCfg = Release|Any CPU
		{7D72E1D5-76AB-44B4-BDA7-2FB30E231A08}.Release|x64.Build.0 = Release|Any CPU
		{7D72E1D5-76AB-44B4-BDA7-2FB30E231A08}.Release|x86.ActiveCfg = Release|Any CPU
		{7D72E1D5-76AB-44B4-BDA7-2FB30E231A08}.Release|x86.Build.0 = Release|Any CPU
		{F1D7FD3F-7590-4BB9-897E-623B48F730DF}.Debug|Any CPU.ActiveCfg = Debug|Any CPU
		{F1D7FD3F-7590-4BB9-897E-623B48F730DF}.Debug|Any CPU.Build.0 = Debug|Any CPU
		{F1D7FD3F-7590-4BB9-897E-623B48F730DF}.Debug|x64.ActiveCfg = Debug|Any CPU
		{F1D7FD3F-7590-4BB9-897E-623B48F730DF}.Debug|x64.Build.0 = Debug|Any CPU
		{F1D7FD3F-7590-4BB9-897E-623B48F730DF}.Debug|x86.ActiveCfg = Debug|Any CPU
		{F1D7FD3F-7590-4BB9-897E-623B48F730DF}.Debug|x86.Build.0 = Debug|Any CPU
		{F1D7FD3F-7590-4BB9-897E-623B48F730DF}.Release|Any CPU.ActiveCfg = Release|Any CPU
		{F1D7FD3F-7590-4BB9-897E-623B48F730DF}.Release|Any CPU.Build.0 = Release|Any CPU
		{F1D7FD3F-7590-4BB9-897E-623B48F730DF}.Release|x64.ActiveCfg = Release|Any CPU
		{F1D7FD3F-7590-4BB9-897E-623B48F730DF}.Release|x64.Build.0 = Release|Any CPU
		{F1D7FD3F-7590-4BB9-897E-623B48F730DF}.Release|x86.ActiveCfg = Release|Any CPU
		{F1D7FD3F-7590-4BB9-897E-623B48F730DF}.Release|x86.Build.0 = Release|Any CPU
		{C86294FD-ABC1-4A4C-A6E6-6F8520DACE58}.Debug|Any CPU.ActiveCfg = Debug|Any CPU
		{C86294FD-ABC1-4A4C-A6E6-6F8520DACE58}.Debug|Any CPU.Build.0 = Debug|Any CPU
		{C86294FD-ABC1-4A4C-A6E6-6F8520DACE58}.Debug|x64.ActiveCfg = Debug|Any CPU
		{C86294FD-ABC1-4A4C-A6E6-6F8520DACE58}.Debug|x64.Build.0 = Debug|Any CPU
		{C86294FD-ABC1-4A4C-A6E6-6F8520DACE58}.Debug|x86.ActiveCfg = Debug|Any CPU
		{C86294FD-ABC1-4A4C-A6E6-6F8520DACE58}.Debug|x86.Build.0 = Debug|Any CPU
		{C86294FD-ABC1-4A4C-A6E6-6F8520DACE58}.Release|Any CPU.ActiveCfg = Release|Any CPU
		{C86294FD-ABC1-4A4C-A6E6-6F8520DACE58}.Release|Any CPU.Build.0 = Release|Any CPU
		{C86294FD-ABC1-4A4C-A6E6-6F8520DACE58}.Release|x64.ActiveCfg = Release|Any CPU
		{C86294FD-ABC1-4A4C-A6E6-6F8520DACE58}.Release|x64.Build.0 = Release|Any CPU
		{C86294FD-ABC1-4A4C-A6E6-6F8520DACE58}.Release|x86.ActiveCfg = Release|Any CPU
		{C86294FD-ABC1-4A4C-A6E6-6F8520DACE58}.Release|x86.Build.0 = Release|Any CPU
		{5C2FA8F9-D301-4527-85DC-967C4BD3881A}.Debug|Any CPU.ActiveCfg = Debug|Any CPU
		{5C2FA8F9-D301-4527-85DC-967C4BD3881A}.Debug|Any CPU.Build.0 = Debug|Any CPU
		{5C2FA8F9-D301-4527-85DC-967C4BD3881A}.Debug|x64.ActiveCfg = Debug|Any CPU
		{5C2FA8F9-D301-4527-85DC-967C4BD3881A}.Debug|x64.Build.0 = Debug|Any CPU
		{5C2FA8F9-D301-4527-85DC-967C4BD3881A}.Debug|x86.ActiveCfg = Debug|Any CPU
		{5C2FA8F9-D301-4527-85DC-967C4BD3881A}.Debug|x86.Build.0 = Debug|Any CPU
		{5C2FA8F9-D301-4527-85DC-967C4BD3881A}.Release|Any CPU.ActiveCfg = Release|Any CPU
		{5C2FA8F9-D301-4527-85DC-967C4BD3881A}.Release|Any CPU.Build.0 = Release|Any CPU
		{5C2FA8F9-D301-4527-85DC-967C4BD3881A}.Release|x64.ActiveCfg = Release|Any CPU
		{5C2FA8F9-D301-4527-85DC-967C4BD3881A}.Release|x64.Build.0 = Release|Any CPU
		{5C2FA8F9-D301-4527-85DC-967C4BD3881A}.Release|x86.ActiveCfg = Release|Any CPU
		{5C2FA8F9-D301-4527-85DC-967C4BD3881A}.Release|x86.Build.0 = Release|Any CPU
		{3694C942-D593-4D84-989F-E29FBA89C4E4}.Debug|Any CPU.ActiveCfg = Debug|Any CPU
		{3694C942-D593-4D84-989F-E29FBA89C4E4}.Debug|Any CPU.Build.0 = Debug|Any CPU
		{3694C942-D593-4D84-989F-E29FBA89C4E4}.Debug|x64.ActiveCfg = Debug|Any CPU
		{3694C942-D593-4D84-989F-E29FBA89C4E4}.Debug|x64.Build.0 = Debug|Any CPU
		{3694C942-D593-4D84-989F-E29FBA89C4E4}.Debug|x86.ActiveCfg = Debug|Any CPU
		{3694C942-D593-4D84-989F-E29FBA89C4E4}.Debug|x86.Build.0 = Debug|Any CPU
		{3694C942-D593-4D84-989F-E29FBA89C4E4}.Release|Any CPU.ActiveCfg = Release|Any CPU
		{3694C942-D593-4D84-989F-E29FBA89C4E4}.Release|Any CPU.Build.0 = Release|Any CPU
		{3694C942-D593-4D84-989F-E29FBA89C4E4}.Release|x64.ActiveCfg = Release|Any CPU
		{3694C942-D593-4D84-989F-E29FBA89C4E4}.Release|x64.Build.0 = Release|Any CPU
		{3694C942-D593-4D84-989F-E29FBA89C4E4}.Release|x86.ActiveCfg = Release|Any CPU
		{3694C942-D593-4D84-989F-E29FBA89C4E4}.Release|x86.Build.0 = Release|Any CPU
		{3E458831-C38B-48E1-AA2F-C7E2A147CC6C}.Debug|Any CPU.ActiveCfg = Debug|Any CPU
		{3E458831-C38B-48E1-AA2F-C7E2A147CC6C}.Debug|Any CPU.Build.0 = Debug|Any CPU
		{3E458831-C38B-48E1-AA2F-C7E2A147CC6C}.Debug|x64.ActiveCfg = Debug|Any CPU
		{3E458831-C38B-48E1-AA2F-C7E2A147CC6C}.Debug|x64.Build.0 = Debug|Any CPU
		{3E458831-C38B-48E1-AA2F-C7E2A147CC6C}.Debug|x86.ActiveCfg = Debug|Any CPU
		{3E458831-C38B-48E1-AA2F-C7E2A147CC6C}.Debug|x86.Build.0 = Debug|Any CPU
		{3E458831-C38B-48E1-AA2F-C7E2A147CC6C}.Release|Any CPU.ActiveCfg = Release|Any CPU
		{3E458831-C38B-48E1-AA2F-C7E2A147CC6C}.Release|Any CPU.Build.0 = Release|Any CPU
		{3E458831-C38B-48E1-AA2F-C7E2A147CC6C}.Release|x64.ActiveCfg = Release|Any CPU
		{3E458831-C38B-48E1-AA2F-C7E2A147CC6C}.Release|x64.Build.0 = Release|Any CPU
		{3E458831-C38B-48E1-AA2F-C7E2A147CC6C}.Release|x86.ActiveCfg = Release|Any CPU
		{3E458831-C38B-48E1-AA2F-C7E2A147CC6C}.Release|x86.Build.0 = Release|Any CPU
		{FEAC4B4A-B6D2-45A2-BA45-9AF207C2A238}.Debug|Any CPU.ActiveCfg = Debug|Any CPU
		{FEAC4B4A-B6D2-45A2-BA45-9AF207C2A238}.Debug|Any CPU.Build.0 = Debug|Any CPU
		{FEAC4B4A-B6D2-45A2-BA45-9AF207C2A238}.Debug|x64.ActiveCfg = Debug|Any CPU
		{FEAC4B4A-B6D2-45A2-BA45-9AF207C2A238}.Debug|x64.Build.0 = Debug|Any CPU
		{FEAC4B4A-B6D2-45A2-BA45-9AF207C2A238}.Debug|x86.ActiveCfg = Debug|Any CPU
		{FEAC4B4A-B6D2-45A2-BA45-9AF207C2A238}.Debug|x86.Build.0 = Debug|Any CPU
		{FEAC4B4A-B6D2-45A2-BA45-9AF207C2A238}.Release|Any CPU.ActiveCfg = Release|Any CPU
		{FEAC4B4A-B6D2-45A2-BA45-9AF207C2A238}.Release|Any CPU.Build.0 = Release|Any CPU
		{FEAC4B4A-B6D2-45A2-BA45-9AF207C2A238}.Release|x64.ActiveCfg = Release|Any CPU
		{FEAC4B4A-B6D2-45A2-BA45-9AF207C2A238}.Release|x64.Build.0 = Release|Any CPU
		{FEAC4B4A-B6D2-45A2-BA45-9AF207C2A238}.Release|x86.ActiveCfg = Release|Any CPU
		{FEAC4B4A-B6D2-45A2-BA45-9AF207C2A238}.Release|x86.Build.0 = Release|Any CPU
		{8C4FAC21-2743-479E-AA67-215050D7F3FB}.Debug|Any CPU.ActiveCfg = Debug|Any CPU
		{8C4FAC21-2743-479E-AA67-215050D7F3FB}.Debug|Any CPU.Build.0 = Debug|Any CPU
		{8C4FAC21-2743-479E-AA67-215050D7F3FB}.Debug|x64.ActiveCfg = Debug|Any CPU
		{8C4FAC21-2743-479E-AA67-215050D7F3FB}.Debug|x64.Build.0 = Debug|Any CPU
		{8C4FAC21-2743-479E-AA67-215050D7F3FB}.Debug|x86.ActiveCfg = Debug|Any CPU
		{8C4FAC21-2743-479E-AA67-215050D7F3FB}.Debug|x86.Build.0 = Debug|Any CPU
		{8C4FAC21-2743-479E-AA67-215050D7F3FB}.Release|Any CPU.ActiveCfg = Release|Any CPU
		{8C4FAC21-2743-479E-AA67-215050D7F3FB}.Release|Any CPU.Build.0 = Release|Any CPU
		{8C4FAC21-2743-479E-AA67-215050D7F3FB}.Release|x64.ActiveCfg = Release|Any CPU
		{8C4FAC21-2743-479E-AA67-215050D7F3FB}.Release|x64.Build.0 = Release|Any CPU
		{8C4FAC21-2743-479E-AA67-215050D7F3FB}.Release|x86.ActiveCfg = Release|Any CPU
		{8C4FAC21-2743-479E-AA67-215050D7F3FB}.Release|x86.Build.0 = Release|Any CPU
		{45E207ED-5A78-43F3-A5D2-33A89C455F60}.Debug|Any CPU.ActiveCfg = Debug|Any CPU
		{45E207ED-5A78-43F3-A5D2-33A89C455F60}.Debug|Any CPU.Build.0 = Debug|Any CPU
		{45E207ED-5A78-43F3-A5D2-33A89C455F60}.Debug|x64.ActiveCfg = Debug|Any CPU
		{45E207ED-5A78-43F3-A5D2-33A89C455F60}.Debug|x64.Build.0 = Debug|Any CPU
		{45E207ED-5A78-43F3-A5D2-33A89C455F60}.Debug|x86.ActiveCfg = Debug|Any CPU
		{45E207ED-5A78-43F3-A5D2-33A89C455F60}.Debug|x86.Build.0 = Debug|Any CPU
		{45E207ED-5A78-43F3-A5D2-33A89C455F60}.Release|Any CPU.ActiveCfg = Release|Any CPU
		{45E207ED-5A78-43F3-A5D2-33A89C455F60}.Release|Any CPU.Build.0 = Release|Any CPU
		{45E207ED-5A78-43F3-A5D2-33A89C455F60}.Release|x64.ActiveCfg = Release|Any CPU
		{45E207ED-5A78-43F3-A5D2-33A89C455F60}.Release|x64.Build.0 = Release|Any CPU
		{45E207ED-5A78-43F3-A5D2-33A89C455F60}.Release|x86.ActiveCfg = Release|Any CPU
		{45E207ED-5A78-43F3-A5D2-33A89C455F60}.Release|x86.Build.0 = Release|Any CPU
	EndGlobalSection
	GlobalSection(SolutionProperties) = preSolution
		HideSolutionNode = FALSE
	EndGlobalSection
EndGlobal
